
Microsoft Visual Studio Solution File, Format Version 12.00
# Visual Studio Version 17
VisualStudioVersion = 17.10.35122.118
MinimumVisualStudioVersion = 10.0.40219.1
Project("{FAE04EC0-301F-11D3-BF4B-00C04F79EFBC}") = "rg1appservice", "rg1appservice.csproj", "{44B55731-5839-4F41-9C50-1A02ADD2F062}"
EndProject
Global
	GlobalSection(SolutionConfigurationPlatforms) = preSolution
		Debug|Any CPU = Debug|Any CPU
		Release|Any CPU = Release|Any CPU
	EndGlobalSection
	GlobalSection(ProjectConfigurationPlatforms) = postSolution
		{44B55731-5839-4F41-9C50-1A02ADD2F062}.Debug|Any CPU.ActiveCfg = Debug|Any CPU
		{44B55731-5839-4F41-9C50-1A02ADD2F062}.Debug|Any CPU.Build.0 = Debug|Any CPU
		{44B55731-5839-4F41-9C50-1A02ADD2F062}.Release|Any CPU.ActiveCfg = Release|Any CPU
		{44B55731-5839-4F41-9C50-1A02ADD2F062}.Release|Any CPU.Build.0 = Release|Any CPU
	EndGlobalSection
	GlobalSection(SolutionProperties) = preSolution
		HideSolutionNode = FALSE
	EndGlobalSection
	GlobalSection(ExtensibilityGlobals) = postSolution
		SolutionGuid = {1825B1C7-7CBA-45BB-83AE-2D7380755F11}
	EndGlobalSection
EndGlobal
